{
  "requires": true,
  "lockfileVersion": 1,
  "dependencies": {
    "intl": {
      "version": "1.2.5",
      "resolved": "https://registry.npmjs.org/intl/-/intl-1.2.5.tgz",
      "integrity": "sha1-giRKIZDE5Bn4Nx9ao02qNCDiq94="
    },
    "ionic2-calendar": {
      "version": "0.4.3",
      "resolved": "https://registry.npmjs.org/ionic2-calendar/-/ionic2-calendar-0.4.3.tgz",
      "integrity": "sha1-l7ZQS0uKlj1bwRmKvB6X2AwjxFg="
    },
    "moment": {
      "version": "2.22.1",
      "resolved": "https://registry.npmjs.org/moment/-/moment-2.22.1.tgz",
      "integrity": "sha512-shJkRTSebXvsVqk56I+lkb2latjBs8I+pc2TzWc545y2iFnSjm7Wg0QMh+ZWcdSLQyGEau5jI8ocnmkyTgr9YQ=="
    }
  }
}
